# This file was autogenerated by Stack.
# You should not edit this file by hand.
# For more information, please see the documentation at:
#   https://docs.haskellstack.org/en/stable/lock_files

packages:
- completed:
    hackage: Diff-0.3.4@sha256:5ab20a407f9e65d13b642c3cd414906a40280343a31b388f6ed69b9228fe42c1,1127
    pantry-tree:
      size: 416
      sha256: 48d1b942ff99293d69a8ca4ea60f372093e5aeea73f63d11829ceca01d63c7fd
  original:
    hackage: Diff-0.3.4
- completed:
    hackage: liquid-base-4.14.1.0@sha256:5df5cf52b893238e243b48ee647389caa81fbb838c9de26691ded4a3f091c5a3,9066
    pantry-tree:
      size: 14924
      sha256: f5d02ebd3d54536d8fe1074fc727bcd64de2b1666936a70e57c534576d9ff4f2
  original:
    hackage: liquid-base-4.14.1.0
- completed:
    hackage: liquid-ghc-prim-0.6.1@sha256:83ef2d8fb705f31f269ce2b3e05af4333fb77c7083d3a56c25032dffd6dfd7b7,1766
    pantry-tree:
      size: 858
      sha256: b8b0bde3cc45e2e7f3517f24aa8a96e224bfb5cab08df4259cf2a597d9748104
  original:
    hackage: liquid-ghc-prim-0.6.1
- completed:
    hackage: liquidhaskell-0.8.10.2@sha256:fc79e92fc4de0aec47965e457915ef7a5be9fd1d3ec1d3a681a9909f5286bf8f,15777
    pantry-tree:
      size: 69560
      sha256: c8bb733484e14ae2ca10a4cb726701f52258e170b246d5f378cbc642bc1d0082
  original:
    hackage: liquidhaskell-0.8.10.2
snapshots:
- completed:
    size: 554194
    url: https://raw.githubusercontent.com/commercialhaskell/stackage-snapshots/master/nightly/2020/11/23.yaml
    sha256: d4037ffda88f024e83ce3e466d7b612939024f2e5d4895f8af7b4ff96cd7ea68
  original: nightly-2020-11-23
